// !$*UTF8*$!
{
	archiveVersion = 1;
	classes = {
	};
	objectVersion = 46;
	objects = {

		C29EE8D99164B337421BE0B6 = {isa = PBXBuildFile; fileRef = 7A98EF33A968CBE2FC6A3DB1; };
		4BE91DB868483103D6D2018B = {isa = PBXBuildFile; fileRef = A9DA0737907EB37332B08371; };
		46F5E3F0FEA522B4984E54E3 = {isa = PBXBuildFile; fileRef = 6C1691E7F2B96C8A18BCDAC8; };
		FFA492A6D259E0D3C3654D6E = {isa = PBXBuildFile; fileRef = 81328452FA6B007E7CF6DBC4; };
		B80BA7005202C9951CDBEEEF = {isa = PBXBuildFile; fileRef = C0D1849B03CB27A6DD97204F; };
		3984D736AC70EBA993AD65A6 = {isa = PBXBuildFile; fileRef = 58ADE1E68F91C6736F757372; };
		8E9066F8F9CA9C614B9378DB = {isa = PBXBuildFile; fileRef = 5B5D579E3857DFA85E3D8036; };
		58B067F9B062EC0E0C020C7C = {isa = PBXBuildFile; fileRef = 26AE6D06F0128CFAE699C03D; };
		7826EFD7676253950B74DB4C = {isa = PBXBuildFile; fileRef = 98F4438EEA14686771EE7AC0; };
		033E9A367609FB8A06471898 = {isa = PBXBuildFile; fileRef = 6C292685D7D4755269FBBC19; };
		4C654AEFCE1F1E088DA6261F = {isa = PBXBuildFile; fileRef = 2B53E0A4D84754BCF1EA2A5F; };
		B6054B6DD33BB901156F11ED = {isa = PBXBuildFile; fileRef = 49252167DA421F81AF11FB2D; };
		03B7012999D0C69E49B1A5D9 = {isa = PBXBuildFile; fileRef = C85AEF66CF2AA2ABD5110B65; };
		AD120EC0D249CE594C9F3A12 = {isa = PBXBuildFile; fileRef = 94FB9DEBC33D1B140CCBCA70; };
		406149CCE518C0079B39DF69 = {isa = PBXBuildFile; fileRef = 9E96B350C8EFA2B65EBF7392; };
		F075243D63F82AF418D73840 = {isa = PBXBuildFile; fileRef = 130A9924474027575B52CAA7; };
		38F5C05FE2E25C6317487A65 = {isa = PBXBuildFile; fileRef = FC4C14C646438ADCC264CA27; };
		1FD62A43E3CAC927FEBDE429 = {isa = PBXBuildFile; fileRef = 6871E604E51379569F660EFE; };
		221709008D0845C2C7BF77EC = {isa = PBXBuildFile; fileRef = 6D2A2875981A91F3B4294305; };
		D466EAC816A9193B8E8F7C56 = {isa = PBXBuildFile; fileRef = 639A3BD16C459A8780254ACA; };
		5894CEA33AA5563B56243ABB = {isa = PBXBuildFile; fileRef = 4EED9933EBBD69D311614A32; };
		4C3391C39089B3DDA9F18053 = {isa = PBXBuildFile; fileRef = C2BD448AEECA05D500D4AFDE; };
		824A58D7F5EB0A6B8CF167FC = {isa = PBXBuildFile; fileRef = EEBF998F98404FB3188B7871; };
		9BC0661D27DE76FC795A8041 = {isa = PBXBuildFile; fileRef = 5E518575CA99EABDE73D81DB; };
		516C2AA98C2FB6E24AA599E3 = {isa = PBXBuildFile; fileRef = E28A7628C1E9B3FFAAC6F142; };
		B58ED098645AFA23F67DD97A = {isa = PBXBuildFile; fileRef = C5099324F7D6C956D76486D4; };
		E0EFBF80D9D98155C11586DF = {isa = PBXBuildFile; fileRef = FEE2B693C85730202E5AA92A; };
		9197B658DBFD9A7098940593 = {isa = PBXBuildFile; fileRef = 933108786FD171A05C0AD6B4; };
		E5D1A8B942BC85EEB032B15E = {isa = PBXBuildFile; fileRef = 9003AF13DCE48A1CF741B9BA; };
		B412404AD944E409F8B67E77 = {isa = PBXBuildFile; fileRef = AEC5989C9768D47358F426BC; };
		613F08432779768A3246DDDC = {isa = PBXBuildFile; fileRef = 9AFC009E5AC6868FEE358228; };
		87AF27A8364DE206DB304336 = {isa = PBXBuildFile; fileRef = 5B7826F127D89824F3AC1080; };
		D759C17FDB951176C8EC3502 = {isa = PBXBuildFile; fileRef = 728211C095E2AE5A4D3B5C8F; };
		8683CD106EC68F35C6D440C3 = {isa = PBXBuildFile; fileRef = CD3A6B6FB97956FC19DAACEB; };
		B713B6F9BC4E60A66295577E = {isa = PBXBuildFile; fileRef = D1217E7B0AE19AEFD201FF7A; };
		27C30043A0455E54E2B19397 = {isa = PBXBuildFile; fileRef = 5931D9EB970AF46B1FEECF77; };
		524CC3BEEA8FFD4D3D1239A7 = {isa = PBXBuildFile; fileRef = 4D725F2D2854F53255B7B6EB; };
		C770E978183718ADCAE0DA0F = {isa = PBXBuildFile; fileRef = 2F6545D1C23D93CE0AD184CD; };
		8E2410F890C3F3306AE656CE = {isa = PBXBuildFile; fileRef = AC1D59200EB035019AE18B2A; };
		07F54F1B4BA4EB06D1961333 = {isa = PBXFileReference; lastKnownFileType = file; name = "juce_events"; path = "../../../JUCE/modules/juce_events"; sourceTree = "SOURCE_ROOT"; };
		0C3B7F53892CBD5D5C821D8A = {isa = PBXFileReference; lastKnownFileType = sourcecode.c.h; name = ColourLookAndFeel.h; path = ../../Source/gui/ColourLookAndFeel.h; sourceTree = "SOURCE_ROOT"; };
		0D11E79CD2DCF2C1093BCE2B = {isa = PBXFileReference; lastKnownFileType = sourcecode.c.h; name = MainComponent.h; path = ../../Source/MainComponent.h; sourceTree = "SOURCE_ROOT"; };
		0ECDC3E1D87AA48F258B8B7D = {isa = PBXFileReference; lastKnownFileType = file.svg; name = next.svg; path = ../../Source/buttons/next.svg; sourceTree = "SOURCE_ROOT"; };
		130A9924474027575B52CAA7 = {isa = PBXFileReference; lastKnownFileType = sourcecode.cpp.cpp; name = ListBrowser.cpp; path = ../../Source/gui/ListBrowser.cpp; sourceTree = "SOURCE_ROOT"; };
		14BED1AFD47684317873EFD3 = {isa = PBXFileReference; lastKnownFileType = sourcecode.c.h; name = AutoUpdateTimer.h; path = ../../Source/utility/AutoUpdateTimer.h; sourceTree = "SOURCE_ROOT"; };
		1576B7E2588AB247B7B573E9 = {isa = PBXFileReference; lastKnownFileType = file.svg; name = play.svg; path = ../../Source/buttons/play.svg; sourceTree = "SOURCE_ROOT"; };
		1993B8FE571B3F984DC90736 = {isa = PBXFileReference; lastKnownFileType = file; name = "juce_core"; path = "../../../JUCE/modules/juce_core"; sourceTree = "SOURCE_ROOT"; };
		1A55E6CB5782E74105844A17 = {isa = PBXFileReference; lastKnownFileType = sourcecode.c.h; name = ChaserCreator.h; path = ../../Source/utility/ChaserCreator.h; sourceTree = "SOURCE_ROOT"; };
		20DF94E59B2B9E1A057CF704 = {isa = PBXFileReference; lastKnownFileType = sourcecode.c.h; name = Sequencer.h; path = ../../Source/gui/Sequencer.h; sourceTree = "SOURCE_ROOT"; };
		26AE6D06F0128CFAE699C03D = {isa = PBXFileReference; lastKnownFileType = wrapper.framework; name = IOKit.framework; path = System/Library/Frameworks/IOKit.framework; sourceTree = SDKROOT; };
		2827E27D46D37EB99AC8B0FC = {isa = PBXFileReference; lastKnownFileType = file.svg; name = previous.svg; path = ../../Source/buttons/previous.svg; sourceTree = "SOURCE_ROOT"; };
		2A366CBCB5CF878BAA1CC10F = {isa = PBXFileReference; lastKnownFileType = sourcecode.c.h; name = BinaryData.h; path = ../../JuceLibraryCode/BinaryData.h; sourceTree = "SOURCE_ROOT"; };
		2B53E0A4D84754BCF1EA2A5F = {isa = PBXFileReference; lastKnownFileType = file.nib; name = RecentFilesMenuTemplate.nib; path = RecentFilesMenuTemplate.nib; sourceTree = "SOURCE_ROOT"; };
		2E153157D254372A75602965 = {isa = PBXFileReference; lastKnownFileType = sourcecode.c.h; name = SliceManager.h; path = ../../Source/slice/SliceManager.h; sourceTree = "SOURCE_ROOT"; };
		2F6545D1C23D93CE0AD184CD = {isa = PBXFileReference; lastKnownFileType = sourcecode.cpp.objcpp; name = "include_juce_gui_basics.mm"; path = "../../JuceLibraryCode/include_juce_gui_basics.mm"; sourceTree = "SOURCE_ROOT"; };
		39CF3DEE89C7EB72A9071C0F = {isa = PBXFileReference; lastKnownFileType = file; name = "juce_audio_devices"; path = "../../../JUCE/modules/juce_audio_devices"; sourceTree = "SOURCE_ROOT"; };
		3CFA48BA533270326B1A091E = {isa = PBXFileReference; lastKnownFileType = file; name = "juce_audio_basics"; path = "../../../JUCE/modules/juce_audio_basics"; sourceTree = "SOURCE_ROOT"; };
		41628A3E95590818486A1E20 = {isa = PBXFileReference; lastKnownFileType = sourcecode.c.h; name = ListBrowser.h; path = ../../Source/gui/ListBrowser.h; sourceTree = "SOURCE_ROOT"; };
		49252167DA421F81AF11FB2D = {isa = PBXFileReference; lastKnownFileType = file.icns; name = Icon.icns; path = Icon.icns; sourceTree = "SOURCE_ROOT"; };
		4D725F2D2854F53255B7B6EB = {isa = PBXFileReference; lastKnownFileType = sourcecode.cpp.objcpp; name = "include_juce_graphics.mm"; path = "../../JuceLibraryCode/include_juce_graphics.mm"; sourceTree = "SOURCE_ROOT"; };
		4E139A64DC7BF63EE7745C59 = {isa = PBXFileReference; lastKnownFileType = file.svg; name = pause.svg; path = ../../Source/buttons/pause.svg; sourceTree = "SOURCE_ROOT"; };
		4EED9933EBBD69D311614A32 = {isa = PBXFileReference; lastKnownFileType = sourcecode.cpp.cpp; name = SliceList.cpp; path = ../../Source/gui/SliceList.cpp; sourceTree = "SOURCE_ROOT"; };
		58ADE1E68F91C6736F757372 = {isa = PBXFileReference; lastKnownFileType = wrapper.framework; name = CoreAudio.framework; path = System/Library/Frameworks/CoreAudio.framework; sourceTree = SDKROOT; };
		5931D9EB970AF46B1FEECF77 = {isa = PBXFileReference; lastKnownFileType = sourcecode.cpp.objcpp; name = "include_juce_events.mm"; path = "../../JuceLibraryCode/include_juce_events.mm"; sourceTree = "SOURCE_ROOT"; };
		5AAD8D3C0A79C55631103892 = {isa = PBXFileReference; lastKnownFileType = sourcecode.c.h; name = JuceHeader.h; path = ../../JuceLibraryCode/JuceHeader.h; sourceTree = "SOURCE_ROOT"; };
		5B5D579E3857DFA85E3D8036 = {isa = PBXFileReference; lastKnownFileType = wrapper.framework; name = CoreMIDI.framework; path = System/Library/Frameworks/CoreMIDI.framework; sourceTree = SDKROOT; };
		5B7826F127D89824F3AC1080 = {isa = PBXFileReference; lastKnownFileType = sourcecode.cpp.objcpp; name = "include_juce_audio_devices.mm"; path = "../../JuceLibraryCode/include_juce_audio_devices.mm"; sourceTree = "SOURCE_ROOT"; };
		5E518575CA99EABDE73D81DB = {isa = PBXFileReference; lastKnownFileType = sourcecode.cpp.cpp; name = AutoUpdateTimer.cpp; path = ../../Source/utility/AutoUpdateTimer.cpp; sourceTree = "SOURCE_ROOT"; };
		612F3A73D9A93B992CD3864A = {isa = PBXFileReference; lastKnownFileType = sourcecode.c.h; name = ChaseManager.h; path = ../../Source/chase/ChaseManager.h; sourceTree = "SOURCE_ROOT"; };
		639A3BD16C459A8780254ACA = {isa = PBXFileReference; lastKnownFileType = sourcecode.cpp.cpp; name = SliceButton.cpp; path = ../../Source/gui/SliceButton.cpp; sourceTree = "SOURCE_ROOT"; };
		6871E604E51379569F660EFE = {isa = PBXFileReference; lastKnownFileType = sourcecode.cpp.cpp; name = SequenceList.cpp; path = ../../Source/gui/SequenceList.cpp; sourceTree = "SOURCE_ROOT"; };
		6C1691E7F2B96C8A18BCDAC8 = {isa = PBXFileReference; lastKnownFileType = wrapper.framework; name = AudioToolbox.framework; path = System/Library/Frameworks/AudioToolbox.framework; sourceTree = SDKROOT; };
		6C292685D7D4755269FBBC19 = {isa = PBXFileReference; lastKnownFileType = wrapper.framework; name = WebKit.framework; path = System/Library/Frameworks/WebKit.framework; sourceTree = SDKROOT; };
		6D2A2875981A91F3B4294305 = {isa = PBXFileReference; lastKnownFileType = sourcecode.cpp.cpp; name = Sequencer.cpp; path = ../../Source/gui/Sequencer.cpp; sourceTree = "SOURCE_ROOT"; };
		725708042CD7CFD235625505 = {isa = PBXFileReference; lastKnownFileType = file; name = "juce_gui_basics"; path = "../../../JUCE/modules/juce_gui_basics"; sourceTree = "SOURCE_ROOT"; };
		728211C095E2AE5A4D3B5C8F = {isa = PBXFileReference; lastKnownFileType = sourcecode.cpp.objcpp; name = "include_juce_audio_formats.mm"; path = "../../JuceLibraryCode/include_juce_audio_formats.mm"; sourceTree = "SOURCE_ROOT"; };
		7A98EF33A968CBE2FC6A3DB1 = {isa = PBXFileReference; explicitFileType = wrapper.application; includeInIndex = 0; path = Chaser.app; sourceTree = "BUILT_PRODUCTS_DIR"; };
		81328452FA6B007E7CF6DBC4 = {isa = PBXFileReference; lastKnownFileType = wrapper.framework; name = Carbon.framework; path = System/Library/Frameworks/Carbon.framework; sourceTree = SDKROOT; };
		9003AF13DCE48A1CF741B9BA = {isa = PBXFileReference; lastKnownFileType = sourcecode.cpp.cpp; name = MainComponent.cpp; path = ../../Source/MainComponent.cpp; sourceTree = "SOURCE_ROOT"; };
		933108786FD171A05C0AD6B4 = {isa = PBXFileReference; lastKnownFileType = sourcecode.cpp.cpp; name = Main.cpp; path = ../../Source/Main.cpp; sourceTree = "SOURCE_ROOT"; };
		94FB9DEBC33D1B140CCBCA70 = {isa = PBXFileReference; lastKnownFileType = sourcecode.cpp.cpp; name = UpdateableComponent.cpp; path = "../../Source/gui logic/UpdateableComponent.cpp"; sourceTree = "SOURCE_ROOT"; };
		96E48259D4A7BB65BA72D780 = {isa = PBXFileReference; lastKnownFileType = sourcecode.c.h; name = AppConfig.h; path = ../../JuceLibraryCode/AppConfig.h; sourceTree = "SOURCE_ROOT"; };
		98F4438EEA14686771EE7AC0 = {isa = PBXFileReference; lastKnownFileType = wrapper.framework; name = QuartzCore.framework; path = System/Library/Frameworks/QuartzCore.framework; sourceTree = SDKROOT; };
		9AFC009E5AC6868FEE358228 = {isa = PBXFileReference; lastKnownFileType = sourcecode.cpp.objcpp; name = "include_juce_audio_basics.mm"; path = "../../JuceLibraryCode/include_juce_audio_basics.mm"; sourceTree = "SOURCE_ROOT"; };
		9CDB61AC00A5589080299279 = {isa = PBXFileReference; lastKnownFileType = sourcecode.c.h; name = Copier.h; path = ../../Source/gui/Copier.h; sourceTree = "SOURCE_ROOT"; };
		9E96B350C8EFA2B65EBF7392 = {isa = PBXFileReference; lastKnownFileType = sourcecode.cpp.cpp; name = Copier.cpp; path = ../../Source/gui/Copier.cpp; sourceTree = "SOURCE_ROOT"; };
		A9DA0737907EB37332B08371 = {isa = PBXFileReference; lastKnownFileType = wrapper.framework; name = Accelerate.framework; path = System/Library/Frameworks/Accelerate.framework; sourceTree = SDKROOT; };
		AC1D59200EB035019AE18B2A = {isa = PBXFileReference; lastKnownFileType = sourcecode.cpp.objcpp; name = "include_juce_gui_extra.mm"; path = "../../JuceLibraryCode/include_juce_gui_extra.mm"; sourceTree = "SOURCE_ROOT"; };
		AEC5989C9768D47358F426BC = {isa = PBXFileReference; lastKnownFileType = sourcecode.cpp.cpp; name = BinaryData.cpp; path = ../../JuceLibraryCode/BinaryData.cpp; sourceTree = "SOURCE_ROOT"; };
		BCC6D5E06F16E4ADC07AC5A5 = {isa = PBXFileReference; lastKnownFileType = file; name = "juce_audio_formats"; path = "../../../JUCE/modules/juce_audio_formats"; sourceTree = "SOURCE_ROOT"; };
		BDACC76BDF1684C89FBD7B2F = {isa = PBXFileReference; lastKnownFileType = image.png; name = "ICON-B.png"; path = "../../Source/buttons/ICON-B.png"; sourceTree = "SOURCE_ROOT"; };
		BE7E7CBF820D398231348F55 = {isa = PBXFileReference; lastKnownFileType = sourcecode.c.h; name = SequenceList.h; path = ../../Source/gui/SequenceList.h; sourceTree = "SOURCE_ROOT"; };
		C0D1849B03CB27A6DD97204F = {isa = PBXFileReference; lastKnownFileType = wrapper.framework; name = Cocoa.framework; path = System/Library/Frameworks/Cocoa.framework; sourceTree = SDKROOT; };
		C2BD448AEECA05D500D4AFDE = {isa = PBXFileReference; lastKnownFileType = sourcecode.cpp.cpp; name = Stepper.cpp; path = ../../Source/gui/Stepper.cpp; sourceTree = "SOURCE_ROOT"; };
		C5099324F7D6C956D76486D4 = {isa = PBXFileReference; lastKnownFileType = sourcecode.cpp.cpp; name = ChaserXmlManager.cpp; path = ../../Source/xml/ChaserXmlManager.cpp; sourceTree = "SOURCE_ROOT"; };
		C834A7C907600FD151226FBC = {isa = PBXFileReference; lastKnownFileType = file; name = "juce_data_structures"; path = "../../../JUCE/modules/juce_data_structures"; sourceTree = "SOURCE_ROOT"; };
		C85AEF66CF2AA2ABD5110B65 = {isa = PBXFileReference; lastKnownFileType = sourcecode.cpp.cpp; name = ChaseManager.cpp; path = ../../Source/chase/ChaseManager.cpp; sourceTree = "SOURCE_ROOT"; };
		CD3A6B6FB97956FC19DAACEB = {isa = PBXFileReference; lastKnownFileType = sourcecode.cpp.objcpp; name = "include_juce_core.mm"; path = "../../JuceLibraryCode/include_juce_core.mm"; sourceTree = "SOURCE_ROOT"; };
		CD6B6DCD211407216038021F = {isa = PBXFileReference; lastKnownFileType = sourcecode.c.h; name = ChaserXmlManager.h; path = ../../Source/xml/ChaserXmlManager.h; sourceTree = "SOURCE_ROOT"; };
		D1217E7B0AE19AEFD201FF7A = {isa = PBXFileReference; lastKnownFileType = sourcecode.cpp.objcpp; name = "include_juce_data_structures.mm"; path = "../../JuceLibraryCode/include_juce_data_structures.mm"; sourceTree = "SOURCE_ROOT"; };
		D8E07537C4E3287FD6F2260A = {isa = PBXFileReference; lastKnownFileType = sourcecode.c.h; name = SliceButton.h; path = ../../Source/gui/SliceButton.h; sourceTree = "SOURCE_ROOT"; };
		DDFE00E2D2B8BE8F4564D6EA = {isa = PBXFileReference; lastKnownFileType = sourcecode.c.h; name = Preview.h; path = ../../Source/gui/Preview.h; sourceTree = "SOURCE_ROOT"; };
		DF20FE8DB42FAEE12DA627D9 = {isa = PBXFileReference; lastKnownFileType = file; name = "juce_gui_extra"; path = "../../../JUCE/modules/juce_gui_extra"; sourceTree = "SOURCE_ROOT"; };
		E080EADE35EA28B76D7DB26F = {isa = PBXFileReference; lastKnownFileType = file; name = "juce_graphics"; path = "../../../JUCE/modules/juce_graphics"; sourceTree = "SOURCE_ROOT"; };
		E28A7628C1E9B3FFAAC6F142 = {isa = PBXFileReference; lastKnownFileType = sourcecode.cpp.cpp; name = ChaserCreator.cpp; path = ../../Source/utility/ChaserCreator.cpp; sourceTree = "SOURCE_ROOT"; };
		ECFADD77502B1DFF33E78283 = {isa = PBXFileReference; lastKnownFileType = sourcecode.c.h; name = UpdateableComponent.h; path = "../../Source/gui logic/UpdateableComponent.h"; sourceTree = "SOURCE_ROOT"; };
		ED623C5B64779742843BA78C = {isa = PBXFileReference; lastKnownFileType = sourcecode.c.h; name = SliceList.h; path = ../../Source/gui/SliceList.h; sourceTree = "SOURCE_ROOT"; };
		EEBF998F98404FB3188B7871 = {isa = PBXFileReference; lastKnownFileType = sourcecode.cpp.cpp; name = SliceManager.cpp; path = ../../Source/slice/SliceManager.cpp; sourceTree = "SOURCE_ROOT"; };
		F2E5474DD3DDD0CAB39A701C = {isa = PBXFileReference; lastKnownFileType = sourcecode.c.h; name = XmlSequence.h; path = ../../Source/xml/XmlSequence.h; sourceTree = "SOURCE_ROOT"; };
		F8E903E9EFCF8DA0D250DEBD = {isa = PBXFileReference; lastKnownFileType = text.plist.xml; name = "Info-App.plist"; path = "Info-App.plist"; sourceTree = "SOURCE_ROOT"; };
		FC4C14C646438ADCC264CA27 = {isa = PBXFileReference; lastKnownFileType = sourcecode.cpp.cpp; name = Preview.cpp; path = ../../Source/gui/Preview.cpp; sourceTree = "SOURCE_ROOT"; };
		FEAA8F12EC11ADE17E742E8B = {isa = PBXFileReference; lastKnownFileType = sourcecode.c.h; name = Stepper.h; path = ../../Source/gui/Stepper.h; sourceTree = "SOURCE_ROOT"; };
		FEE2B693C85730202E5AA92A = {isa = PBXFileReference; lastKnownFileType = sourcecode.cpp.cpp; name = XmlSequence.cpp; path = ../../Source/xml/XmlSequence.cpp; sourceTree = "SOURCE_ROOT"; };
		F037A0D76DE7D66CB80F1621 = {isa = PBXGroup; children = (
					BDACC76BDF1684C89FBD7B2F,
					0ECDC3E1D87AA48F258B8B7D,
					4E139A64DC7BF63EE7745C59,
					1576B7E2588AB247B7B573E9,
					2827E27D46D37EB99AC8B0FC, ); name = buttons; sourceTree = "<group>"; };
		134EB2364224471E7C3C3488 = {isa = PBXGroup; children = (
					C85AEF66CF2AA2ABD5110B65,
					612F3A73D9A93B992CD3864A, ); name = chase; sourceTree = "<group>"; };
		306C9782EEC42B0514B436A8 = {isa = PBXGroup; children = (
					94FB9DEBC33D1B140CCBCA70,
					ECFADD77502B1DFF33E78283, ); name = "gui logic"; sourceTree = "<group>"; };
		40CADCE6636CC3F80940EF9C = {isa = PBXGroup; children = (
					0C3B7F53892CBD5D5C821D8A,
					9E96B350C8EFA2B65EBF7392,
					9CDB61AC00A5589080299279,
					130A9924474027575B52CAA7,
					41628A3E95590818486A1E20,
					FC4C14C646438ADCC264CA27,
					DDFE00E2D2B8BE8F4564D6EA,
					6871E604E51379569F660EFE,
					BE7E7CBF820D398231348F55,
					6D2A2875981A91F3B4294305,
					20DF94E59B2B9E1A057CF704,
					639A3BD16C459A8780254ACA,
					D8E07537C4E3287FD6F2260A,
					4EED9933EBBD69D311614A32,
					ED623C5B64779742843BA78C,
					C2BD448AEECA05D500D4AFDE,
					FEAA8F12EC11ADE17E742E8B, ); name = gui; sourceTree = "<group>"; };
		C853543F89D9A3CD0FB290DE = {isa = PBXGroup; children = (
					EEBF998F98404FB3188B7871,
					2E153157D254372A75602965, ); name = slice; sourceTree = "<group>"; };
		F43C1B0574B59095CD8C93BC = {isa = PBXGroup; children = (
					5E518575CA99EABDE73D81DB,
					14BED1AFD47684317873EFD3,
					E28A7628C1E9B3FFAAC6F142,
					1A55E6CB5782E74105844A17, ); name = utility; sourceTree = "<group>"; };
		AFD4E184F179B66AA1D570C6 = {isa = PBXGroup; children = (
					C5099324F7D6C956D76486D4,
					CD6B6DCD211407216038021F,
					FEE2B693C85730202E5AA92A,
					F2E5474DD3DDD0CAB39A701C, ); name = xml; sourceTree = "<group>"; };
		EE82A34CAE1E1E6677679462 = {isa = PBXGroup; children = (
					F037A0D76DE7D66CB80F1621,
					134EB2364224471E7C3C3488,
					306C9782EEC42B0514B436A8,
					40CADCE6636CC3F80940EF9C,
					C853543F89D9A3CD0FB290DE,
					F43C1B0574B59095CD8C93BC,
					AFD4E184F179B66AA1D570C6,
					933108786FD171A05C0AD6B4,
					9003AF13DCE48A1CF741B9BA,
					0D11E79CD2DCF2C1093BCE2B, ); name = Source; sourceTree = "<group>"; };
		AB1906366E77AB4850F8A3F2 = {isa = PBXGroup; children = (
					EE82A34CAE1E1E6677679462, ); name = Chaser; sourceTree = "<group>"; };
		CD248232BA94FFB3A1AE15C5 = {isa = PBXGroup; children = (
					3CFA48BA533270326B1A091E,
					39CF3DEE89C7EB72A9071C0F,
					BCC6D5E06F16E4ADC07AC5A5,
					1993B8FE571B3F984DC90736,
					C834A7C907600FD151226FBC,
					07F54F1B4BA4EB06D1961333,
					E080EADE35EA28B76D7DB26F,
					725708042CD7CFD235625505,
					DF20FE8DB42FAEE12DA627D9, ); name = "Juce Modules"; sourceTree = "<group>"; };
		A2E9A37B2B9BF1D7BDA84C08 = {isa = PBXGroup; children = (
					96E48259D4A7BB65BA72D780,
					AEC5989C9768D47358F426BC,
					2A366CBCB5CF878BAA1CC10F,
					9AFC009E5AC6868FEE358228,
					5B7826F127D89824F3AC1080,
					728211C095E2AE5A4D3B5C8F,
					CD3A6B6FB97956FC19DAACEB,
					D1217E7B0AE19AEFD201FF7A,
					5931D9EB970AF46B1FEECF77,
					4D725F2D2854F53255B7B6EB,
					2F6545D1C23D93CE0AD184CD,
					AC1D59200EB035019AE18B2A,
					5AAD8D3C0A79C55631103892, ); name = "Juce Library Code"; sourceTree = "<group>"; };
		45D62177F045EEE67B0DA390 = {isa = PBXGroup; children = (
					F8E903E9EFCF8DA0D250DEBD,
					2B53E0A4D84754BCF1EA2A5F,
					49252167DA421F81AF11FB2D, ); name = Resources; sourceTree = "<group>"; };
		8E5E58416303A79E766D65C0 = {isa = PBXGroup; children = (
					A9DA0737907EB37332B08371,
					6C1691E7F2B96C8A18BCDAC8,
					81328452FA6B007E7CF6DBC4,
					C0D1849B03CB27A6DD97204F,
					58ADE1E68F91C6736F757372,
					5B5D579E3857DFA85E3D8036,
					26AE6D06F0128CFAE699C03D,
					98F4438EEA14686771EE7AC0,
					6C292685D7D4755269FBBC19, ); name = Frameworks; sourceTree = "<group>"; };
		5536D239F9D7AFDE7263F98A = {isa = PBXGroup; children = (
					7A98EF33A968CBE2FC6A3DB1, ); name = Products; sourceTree = "<group>"; };
		119F33738EEF59034A3217B1 = {isa = PBXGroup; children = (
					AB1906366E77AB4850F8A3F2,
					CD248232BA94FFB3A1AE15C5,
					A2E9A37B2B9BF1D7BDA84C08,
					45D62177F045EEE67B0DA390,
					8E5E58416303A79E766D65C0,
					5536D239F9D7AFDE7263F98A, ); name = Source; sourceTree = "<group>"; };
		F236A3EC721BC703A709DC46 = {isa = XCBuildConfiguration; buildSettings = {
				CLANG_CXX_LANGUAGE_STANDARD = "c++11";
				CLANG_LINK_OBJC_RUNTIME = NO;
				COMBINE_HIDPI_IMAGES = YES;
				CONFIGURATION_BUILD_DIR = "$(PROJECT_DIR)/build/$(CONFIGURATION)";
				COPY_PHASE_STRIP = NO;
				GCC_DYNAMIC_NO_PIC = NO;
				GCC_OPTIMIZATION_LEVEL = 0;
				GCC_PREPROCESSOR_DEFINITIONS = (
					"_DEBUG=1",
					"DEBUG=1",
					"JUCER_XCODE_MAC_F6D2F4CF=1",
					"JUCE_APP_VERSION=2.0.2",
					"JUCE_APP_VERSION_HEX=0x20002",
					"JucePlugin_Build_VST=0",
					"JucePlugin_Build_VST3=0",
					"JucePlugin_Build_AU=0",
					"JucePlugin_Build_AUv3=0",
					"JucePlugin_Build_RTAS=0",
					"JucePlugin_Build_AAX=0",
					"JucePlugin_Build_Standalone=0", );
				GCC_VERSION = com.apple.compilers.llvm.clang.1_0;
				HEADER_SEARCH_PATHS = ("../../JuceLibraryCode", "../../../JUCE/modules", "../../../HybridApi", "$(inherited)");
				INFOPLIST_FILE = Info-App.plist;
				INFOPLIST_PREPROCESS = NO;
				INSTALL_PATH = "$(HOME)/Applications";
				LIBRARY_SEARCH_PATHS = ("$(inherited)", "\"../../../HybridApi/Builds/MacOSX/build/Debug\"");
				MACOSX_DEPLOYMENT_TARGET = 10.11;
				MACOSX_DEPLOYMENT_TARGET_ppc = 10.4;
				OTHER_LDFLAGS = "-lHybridApi";
				PRODUCT_BUNDLE_IDENTIFIER = nl.HybridVisuals.www;
				SDKROOT_ppc = macosx10.5;
				USE_HEADERMAP = NO; }; name = Debug; };
		F2C65DA9CAE09EDB6E2A4436 = {isa = XCBuildConfiguration; buildSettings = {
				ARCHS = "$(ARCHS_STANDARD_64_BIT)";
				CLANG_CXX_LANGUAGE_STANDARD = "c++11";
				CLANG_LINK_OBJC_RUNTIME = NO;
				COMBINE_HIDPI_IMAGES = YES;
				CONFIGURATION_BUILD_DIR = "$(PROJECT_DIR)/build/$(CONFIGURATION)";
				DEAD_CODE_STRIPPING = YES;
				GCC_GENERATE_DEBUGGING_SYMBOLS = NO;
				GCC_OPTIMIZATION_LEVEL = s;
				GCC_PREPROCESSOR_DEFINITIONS = (
					"_NDEBUG=1",
					"NDEBUG=1",
					"JUCER_XCODE_MAC_F6D2F4CF=1",
					"JUCE_APP_VERSION=2.0.2",
					"JUCE_APP_VERSION_HEX=0x20002",
					"JucePlugin_Build_VST=0",
					"JucePlugin_Build_VST3=0",
					"JucePlugin_Build_AU=0",
					"JucePlugin_Build_AUv3=0",
					"JucePlugin_Build_RTAS=0",
					"JucePlugin_Build_AAX=0",
					"JucePlugin_Build_Standalone=0", );
				GCC_SYMBOLS_PRIVATE_EXTERN = YES;
				GCC_VERSION = com.apple.compilers.llvm.clang.1_0;
				HEADER_SEARCH_PATHS = ("../../JuceLibraryCode", "../../../JUCE/modules", "../../../HybridApi", "$(inherited)");
				INFOPLIST_FILE = Info-App.plist;
				INFOPLIST_PREPROCESS = NO;
				INSTALL_PATH = "$(HOME)/Applications";
				LIBRARY_SEARCH_PATHS = ("$(inherited)", "\"../../../HybridApi/Builds/MacOSX/build/Release\"");
				MACOSX_DEPLOYMENT_TARGET = 10.7;
				MACOSX_DEPLOYMENT_TARGET_ppc = 10.4;
				OTHER_LDFLAGS = "-lHybridApi";
				PRODUCT_BUNDLE_IDENTIFIER = nl.HybridVisuals.www;
				SDKROOT_ppc = macosx10.5;
				USE_HEADERMAP = NO; }; name = Release; };
		668B6FFF299995956D8C13D6 = {isa = XCBuildConfiguration; buildSettings = {
				ALWAYS_SEARCH_USER_PATHS = NO;
				CLANG_WARN_BLOCK_CAPTURE_AUTORELEASING = YES;
				CLANG_WARN_BOOL_CONVERSION = YES;
				CLANG_WARN_COMMA = YES;
				CLANG_WARN_CONSTANT_CONVERSION = YES;
				CLANG_WARN_EMPTY_BODY = YES;
				CLANG_WARN_ENUM_CONVERSION = YES;
				CLANG_WARN_INFINITE_RECURSION = YES;
				CLANG_WARN_INT_CONVERSION = YES;
				CLANG_WARN_NON_LITERAL_NULL_CONVERSION = YES;
				CLANG_WARN_OBJC_LITERAL_CONVERSION = YES;
				CLANG_WARN_RANGE_LOOP_ANALYSIS = YES;
				CLANG_WARN_STRICT_PROTOTYPES = YES;
				CLANG_WARN_SUSPICIOUS_MOVE = YES;
				CLANG_WARN_UNREACHABLE_CODE = YES;
				CLANG_WARN__DUPLICATE_METHOD_MATCH = YES;
				DEBUG_INFORMATION_FORMAT = "dwarf";
				ENABLE_STRICT_OBJC_MSGSEND = YES;
				ENABLE_TESTABILITY = YES;
				GCC_C_LANGUAGE_STANDARD = c11;
				GCC_INLINES_ARE_PRIVATE_EXTERN = YES;
				GCC_MODEL_TUNING = G5;
				GCC_NO_COMMON_BLOCKS = YES;
				GCC_WARN_64_TO_32_BIT_CONVERSION = YES;
				GCC_WARN_ABOUT_RETURN_TYPE = YES;
				GCC_WARN_CHECK_SWITCH_STATEMENTS = YES;
				GCC_WARN_MISSING_PARENTHESES = YES;
				GCC_WARN_NON_VIRTUAL_DESTRUCTOR = YES;
				GCC_WARN_TYPECHECK_CALLS_TO_PRINTF = YES;
				GCC_WARN_UNDECLARED_SELECTOR = YES;
				GCC_WARN_UNINITIALIZED_AUTOS = YES;
				GCC_WARN_UNUSED_FUNCTION = YES;
				GCC_WARN_UNUSED_VARIABLE = YES;
				ONLY_ACTIVE_ARCH = YES;
				PRODUCT_NAME = "Chaser";
				WARNING_CFLAGS = -Wreorder;
				ZERO_LINK = NO; }; name = Debug; };
		DA577038BE12D91831742F8E = {isa = XCBuildConfiguration; buildSettings = {
				ALWAYS_SEARCH_USER_PATHS = NO;
				CLANG_WARN_BLOCK_CAPTURE_AUTORELEASING = YES;
				CLANG_WARN_BOOL_CONVERSION = YES;
				CLANG_WARN_COMMA = YES;
				CLANG_WARN_CONSTANT_CONVERSION = YES;
				CLANG_WARN_EMPTY_BODY = YES;
				CLANG_WARN_ENUM_CONVERSION = YES;
				CLANG_WARN_INFINITE_RECURSION = YES;
				CLANG_WARN_INT_CONVERSION = YES;
				CLANG_WARN_NON_LITERAL_NULL_CONVERSION = YES;
				CLANG_WARN_OBJC_LITERAL_CONVERSION = YES;
				CLANG_WARN_RANGE_LOOP_ANALYSIS = YES;
				CLANG_WARN_STRICT_PROTOTYPES = YES;
				CLANG_WARN_SUSPICIOUS_MOVE = YES;
				CLANG_WARN_UNREACHABLE_CODE = YES;
				CLANG_WARN__DUPLICATE_METHOD_MATCH = YES;
				DEBUG_INFORMATION_FORMAT = "dwarf";
				ENABLE_STRICT_OBJC_MSGSEND = YES;
				GCC_C_LANGUAGE_STANDARD = c11;
				GCC_INLINES_ARE_PRIVATE_EXTERN = YES;
				GCC_MODEL_TUNING = G5;
				GCC_NO_COMMON_BLOCKS = YES;
				GCC_WARN_64_TO_32_BIT_CONVERSION = YES;
				GCC_WARN_ABOUT_RETURN_TYPE = YES;
				GCC_WARN_CHECK_SWITCH_STATEMENTS = YES;
				GCC_WARN_MISSING_PARENTHESES = YES;
				GCC_WARN_NON_VIRTUAL_DESTRUCTOR = YES;
				GCC_WARN_TYPECHECK_CALLS_TO_PRINTF = YES;
				GCC_WARN_UNDECLARED_SELECTOR = YES;
				GCC_WARN_UNINITIALIZED_AUTOS = YES;
				GCC_WARN_UNUSED_FUNCTION = YES;
				GCC_WARN_UNUSED_VARIABLE = YES;
				PRODUCT_NAME = "Chaser";
				WARNING_CFLAGS = -Wreorder;
				ZERO_LINK = NO; }; name = Release; };
		019B6AE844E438E9317C9752 = {isa = PBXTargetDependency; target = 715E8AE9C872CDED94B8F9EE; };
		739C80A34BA5C3983D609706 = {isa = XCConfigurationList; buildConfigurations = (
					668B6FFF299995956D8C13D6,
					DA577038BE12D91831742F8E, ); defaultConfigurationIsVisible = 0; defaultConfigurationName = Debug; };
		4479647D9A452E5B957A24A1 = {isa = XCConfigurationList; buildConfigurations = (
					F236A3EC721BC703A709DC46,
					F2C65DA9CAE09EDB6E2A4436, ); defaultConfigurationIsVisible = 0; defaultConfigurationName = Debug; };
		0E5B6D7CBA3708F43AAEF5A9 = {isa = PBXResourcesBuildPhase; buildActionMask = 2147483647; files = (
					4C654AEFCE1F1E088DA6261F,
					B6054B6DD33BB901156F11ED, ); runOnlyForDeploymentPostprocessing = 0; };
		D17F88E53C5B4FF78FFCA498 = {isa = PBXSourcesBuildPhase; buildActionMask = 2147483647; files = (
					03B7012999D0C69E49B1A5D9,
					AD120EC0D249CE594C9F3A12,
					406149CCE518C0079B39DF69,
					F075243D63F82AF418D73840,
					38F5C05FE2E25C6317487A65,
					1FD62A43E3CAC927FEBDE429,
					221709008D0845C2C7BF77EC,
					D466EAC816A9193B8E8F7C56,
					5894CEA33AA5563B56243ABB,
					4C3391C39089B3DDA9F18053,
					824A58D7F5EB0A6B8CF167FC,
					9BC0661D27DE76FC795A8041,
					516C2AA98C2FB6E24AA599E3,
					B58ED098645AFA23F67DD97A,
					E0EFBF80D9D98155C11586DF,
					9197B658DBFD9A7098940593,
					E5D1A8B942BC85EEB032B15E,
					B412404AD944E409F8B67E77,
					613F08432779768A3246DDDC,
					87AF27A8364DE206DB304336,
					D759C17FDB951176C8EC3502,
					8683CD106EC68F35C6D440C3,
					B713B6F9BC4E60A66295577E,
					27C30043A0455E54E2B19397,
					524CC3BEEA8FFD4D3D1239A7,
					C770E978183718ADCAE0DA0F,
					8E2410F890C3F3306AE656CE, ); runOnlyForDeploymentPostprocessing = 0; };
		8FF8B07EFAB5BDEC4F2D2CE4 = {isa = PBXFrameworksBuildPhase; buildActionMask = 2147483647; files = (
					4BE91DB868483103D6D2018B,
					46F5E3F0FEA522B4984E54E3,
					FFA492A6D259E0D3C3654D6E,
					B80BA7005202C9951CDBEEEF,
					3984D736AC70EBA993AD65A6,
					8E9066F8F9CA9C614B9378DB,
					58B067F9B062EC0E0C020C7C,
					7826EFD7676253950B74DB4C,
					033E9A367609FB8A06471898, ); runOnlyForDeploymentPostprocessing = 0; };
		715E8AE9C872CDED94B8F9EE = {isa = PBXNativeTarget; buildConfigurationList = 4479647D9A452E5B957A24A1; buildPhases = (
					0E5B6D7CBA3708F43AAEF5A9,
					D17F88E53C5B4FF78FFCA498,
					8FF8B07EFAB5BDEC4F2D2CE4, ); buildRules = ( ); dependencies = (  ); name = "Chaser - App"; productName = Chaser; productReference = 7A98EF33A968CBE2FC6A3DB1; productType = "com.apple.product-type.application"; };
		01BEC04E9BD0D2E30D8EC1CF = {isa = PBXProject; buildConfigurationList = 739C80A34BA5C3983D609706; attributes = { LastUpgradeCheck = 0830; TargetAttributes = { 715E8AE9C872CDED94B8F9EE = { SystemCapabilities = {com.apple.ApplicationGroups.iOS = { enabled = 0; }; com.apple.InAppPurchase = { enabled = 0; }; com.apple.InterAppAudio = { enabled = 0; }; com.apple.Push = { enabled = 0; }; com.apple.Sandbox = { enabled = 0; }; }; }; }; }; compatibilityVersion = "Xcode 3.2"; hasScannedForEncodings = 0; mainGroup = 119F33738EEF59034A3217B1; projectDirPath = ""; projectRoot = ""; targets = (715E8AE9C872CDED94B8F9EE); };
	};
	rootObject = 01BEC04E9BD0D2E30D8EC1CF;
}
